
Microsoft Visual Studio Solution File, Format Version 12.00
# Visual Studio Version 17
VisualStudioVersion = 17.3.32929.385
MinimumVisualStudioVersion = 10.0.40219.1
Project("{FAE04EC0-301F-11D3-BF4B-00C04F79EFBC}") = "Lesson 1.GIT", "Lesson 1.GIT\Lesson 1.GIT.csproj", "{A56BC18D-6D5B-4B3A-8053-A36C80F10473}"
EndProject
Global
	GlobalSection(SolutionConfigurationPlatforms) = preSolution
		Debug|Any CPU = Debug|Any CPU
		Release|Any CPU = Release|Any CPU
	EndGlobalSection
	GlobalSection(ProjectConfigurationPlatforms) = postSolution
		{A56BC18D-6D5B-4B3A-8053-A36C80F10473}.Debug|Any CPU.ActiveCfg = Debug|Any CPU
		{A56BC18D-6D5B-4B3A-8053-A36C80F10473}.Debug|Any CPU.Build.0 = Debug|Any CPU
		{A56BC18D-6D5B-4B3A-8053-A36C80F10473}.Release|Any CPU.ActiveCfg = Release|Any CPU
		{A56BC18D-6D5B-4B3A-8053-A36C80F10473}.Release|Any CPU.Build.0 = Release|Any CPU
	EndGlobalSection
	GlobalSection(SolutionProperties) = preSolution
		HideSolutionNode = FALSE
	EndGlobalSection
	GlobalSection(ExtensibilityGlobals) = postSolution
		SolutionGuid = {6DEAB1A2-FFD4-48C2-9CBE-C49B52266E9F}
	EndGlobalSection
EndGlobal
